// !$*UTF8*$!
{
	archiveVersion = 1;
	classes = {
	};
	objectVersion = 77;
	objects = {

/* Begin PBXBuildFile section */
		63E8D4B855E15A47273EBEB9 /* VGBApp.swift in Sources */ = {isa = PBXBuildFile; fileRef = 05A24FB1195840A54D9117F8 /* VGBApp.swift */; };
		D1D2D3D4D5D6D7D8D9D0D1 /* DemoData.swift in Sources */ = {isa = PBXBuildFile; fileRef = D1D2D3D4D5D6D7D8D9D0D2 /* DemoData.swift */; };
		CH11CH22CH33CH44CH55CH66 /* CheckpointHeader.swift in Sources */ = {isa = PBXBuildFile; fileRef = CH11CH22CH33CH44CH55CH67 /* CheckpointHeader.swift */; };
		HX11HX22HX33HX44HX55HX66 /* Haptic.swift in Sources */ = {isa = PBXBuildFile; fileRef = HX11HX22HX33HX44HX55HX67 /* Haptic.swift */; };
		55AA55BB55CC55DD55EE55FF /* BacklogListView.swift in Sources */ = {isa = PBXBuildFile; fileRef = 44AA44BB44CC44DD44EE44FF /* BacklogListView.swift */; };
		DD11AA22BB33CC44DD55EE66 /* Game.swift in Sources */ = {isa = PBXBuildFile; fileRef = DD11AA22BB33CC44DD55EE67 /* Game.swift */; };
		DD11AA22BB33CC44DD55EE68 /* GameStatus.swift in Sources */ = {isa = PBXBuildFile; fileRef = DD11AA22BB33CC44DD55EE69 /* GameStatus.swift */; };
		EE11AA22BB33CC44DD55EE70 /* AddGameView.swift in Sources */ = {isa = PBXBuildFile; fileRef = EE11AA22BB33CC44DD55EE71 /* AddGameView.swift */; };
		FF11AA22BB33CC44DD55EE72 /* GameDetailView.swift in Sources */ = {isa = PBXBuildFile; fileRef = FF11AA22BB33CC44DD55EE73 /* GameDetailView.swift */; };
		DD22EE33FF44AA55BB660011 /* CelebrationOverlay.swift in Sources */ = {isa = PBXBuildFile; fileRef = DD22EE33FF44AA55BB660012 /* CelebrationOverlay.swift */; };
		EE33FF44AA55BB66CC770011 /* Assets.xcassets in Resources */ = {isa = PBXBuildFile; fileRef = EE33FF44AA55BB66CC770012 /* Assets.xcassets */; };
		AA11BB22CC33DD44EE55FF12 /* GameModelTests.swift in Sources */ = {isa = PBXBuildFile; fileRef = AA11BB22CC33DD44EE55FF11 /* GameModelTests.swift */; };
		AA11BB22CC33DD44EE55FF14 /* GameStatusTests.swift in Sources */ = {isa = PBXBuildFile; fileRef = AA11BB22CC33DD44EE55FF13 /* GameStatusTests.swift */; };
		AA11BB22CC33DD44EE55FF16 /* GameFilterSortTests.swift in Sources */ = {isa = PBXBuildFile; fileRef = AA11BB22CC33DD44EE55FF15 /* GameFilterSortTests.swift */; };
		CC11DD22EE33FF44AA550011 /* IGDBModelsTests.swift in Sources */ = {isa = PBXBuildFile; fileRef = CC11DD22EE33FF44AA550012 /* IGDBModelsTests.swift */; };
		CC11DD22EE33FF44AA550021 /* GameSyncServiceTests.swift in Sources */ = {isa = PBXBuildFile; fileRef = CC11DD22EE33FF44AA550022 /* GameSyncServiceTests.swift */; };
		BB22CC33DD44EE55FF660011 /* APIConfig.swift in Sources */ = {isa = PBXBuildFile; fileRef = BB22CC33DD44EE55FF660012 /* APIConfig.swift */; };
		BB22CC33DD44EE55FF660021 /* TwitchAuthManager.swift in Sources */ = {isa = PBXBuildFile; fileRef = BB22CC33DD44EE55FF660022 /* TwitchAuthManager.swift */; };
		BB22CC33DD44EE55FF660031 /* IGDBError.swift in Sources */ = {isa = PBXBuildFile; fileRef = BB22CC33DD44EE55FF660032 /* IGDBError.swift */; };
		BB22CC33DD44EE55FF660041 /* IGDBModels.swift in Sources */ = {isa = PBXBuildFile; fileRef = BB22CC33DD44EE55FF660042 /* IGDBModels.swift */; };
		BB22CC33DD44EE55FF660051 /* IGDBClient.swift in Sources */ = {isa = PBXBuildFile; fileRef = BB22CC33DD44EE55FF660052 /* IGDBClient.swift */; };
		BB22CC33DD44EE55FF660061 /* GameSyncService.swift in Sources */ = {isa = PBXBuildFile; fileRef = BB22CC33DD44EE55FF660062 /* GameSyncService.swift */; };
		GR11GR22GR33GR44GR55GR66 /* GenreResolver.swift in Sources */ = {isa = PBXBuildFile; fileRef = GR11GR22GR33GR44GR55GR67 /* GenreResolver.swift */; };
		FF44AA55BB66CC77DD880011 /* VGBWidget.swift in Sources */ = {isa = PBXBuildFile; fileRef = FF44AA55BB66CC77DD880012 /* VGBWidget.swift */; };
		FF44AA55BB66CC77DD880021 /* Game.swift in Sources */ = {isa = PBXBuildFile; fileRef = DD11AA22BB33CC44DD55EE67 /* Game.swift */; };
		FF44AA55BB66CC77DD880022 /* GameStatus.swift in Sources */ = {isa = PBXBuildFile; fileRef = DD11AA22BB33CC44DD55EE69 /* GameStatus.swift */; };
		FF44AA55BB66CC77DD880031 /* VGBWidgetExtension.appex in Embed App Extensions */ = {isa = PBXBuildFile; fileRef = FF44AA55BB66CC77DD880099 /* VGBWidgetExtension.appex */; settings = {ATTRIBUTES = (RemoveHeadersOnCopy, ); }; };
		SC11SC22SC33SC44SC55SC66 /* StoreConfiguration.swift in Sources */ = {isa = PBXBuildFile; fileRef = SC11SC22SC33SC44SC55SC67 /* StoreConfiguration.swift */; };
		SC11SC22SC33SC44SC55SC68 /* StoreConfiguration.swift in Sources */ = {isa = PBXBuildFile; fileRef = SC11SC22SC33SC44SC55SC67 /* StoreConfiguration.swift */; };
		WS11WS22WS33WS44WS55WS66 /* WidgetSummaryStorage.swift in Sources */ = {isa = PBXBuildFile; fileRef = WS11WS22WS33WS44WS55WS67 /* WidgetSummaryStorage.swift */; };
		WS11WS22WS33WS44WS55WS68 /* WidgetSummaryStorage.swift in Sources */ = {isa = PBXBuildFile; fileRef = WS11WS22WS33WS44WS55WS67 /* WidgetSummaryStorage.swift */; };
		A1B2C3D4E5F60202 /* StatsView.swift in Sources */ = {isa = PBXBuildFile; fileRef = A1B2C3D4E5F60101 /* StatsView.swift */; };
		A1B2C3D4E5F60404 /* RadarChartView.swift in Sources */ = {isa = PBXBuildFile; fileRef = A1B2C3D4E5F60303 /* RadarChartView.swift */; };
		A1B2C3D4E5F60606 /* GameStatus+Color.swift in Sources */ = {isa = PBXBuildFile; fileRef = A1B2C3D4E5F60505 /* GameStatus+Color.swift */; };
		RG11RG22RG33RG44RG55RG66 /* RadarGenreCategories.swift in Sources */ = {isa = PBXBuildFile; fileRef = RG11RG22RG33RG44RG55RG67 /* RadarGenreCategories.swift */; };
		RG11RG22RG33RG44RG55RG69 /* RadarGenreCategories.swift in Sources */ = {isa = PBXBuildFile; fileRef = RG11RG22RG33RG44RG55RG67 /* RadarGenreCategories.swift */; };
		RV11RV22RV33RV44RV55RV66 /* RankingsView.swift in Sources */ = {isa = PBXBuildFile; fileRef = RV11RV22RV33RV44RV55RV67 /* RankingsView.swift */; };
		OB11OB22OB33OB44OB55OB66 /* OnboardingView.swift in Sources */ = {isa = PBXBuildFile; fileRef = OB11OB22OB33OB44OB55OB67 /* OnboardingView.swift */; };
/* End PBXBuildFile section */

/* Begin PBXContainerItemProxy section */
		99F5DE85A03031D49CDE518B /* PBXContainerItemProxy */ = {
			isa = PBXContainerItemProxy;
			containerPortal = D235DCD3220CA301ABFBBF0C /* Project object */;
			proxyType = 1;
			remoteGlobalIDString = C26B1BA61D007A65E13D0AF1;
			remoteInfo = VGB;
		};
		FF44AA55BB66CC77DD880066 /* PBXContainerItemProxy */ = {
			isa = PBXContainerItemProxy;
			containerPortal = D235DCD3220CA301ABFBBF0C /* Project object */;
			proxyType = 1;
			remoteGlobalIDString = FF44AA55BB66CC77DD880077;
			remoteInfo = VGBWidgetExtension;
		};
/* End PBXContainerItemProxy section */

/* Begin PBXFileReference section */
		05A24FB1195840A54D9117F8 /* VGBApp.swift */ = {isa = PBXFileReference; lastKnownFileType = sourcecode.swift; path = VGBApp.swift; sourceTree = "<group>"; };
		D1D2D3D4D5D6D7D8D9D0D2 /* DemoData.swift */ = {isa = PBXFileReference; lastKnownFileType = sourcecode.swift; path = DemoData.swift; sourceTree = "<group>"; };
		CH11CH22CH33CH44CH55CH67 /* CheckpointHeader.swift */ = {isa = PBXFileReference; lastKnownFileType = sourcecode.swift; path = CheckpointHeader.swift; sourceTree = "<group>"; };
		HX11HX22HX33HX44HX55HX67 /* Haptic.swift */ = {isa = PBXFileReference; lastKnownFileType = sourcecode.swift; path = Haptic.swift; sourceTree = "<group>"; };
		0BFD25FD239D36E39B81796A /* Info.plist */ = {isa = PBXFileReference; lastKnownFileType = text.plist.xml; path = Info.plist; sourceTree = "<group>"; };
		44AA44BB44CC44DD44EE44FF /* BacklogListView.swift */ = {isa = PBXFileReference; lastKnownFileType = sourcecode.swift; path = BacklogListView.swift; sourceTree = "<group>"; };
		AA11BB22CC33DD44EE55FF11 /* GameModelTests.swift */ = {isa = PBXFileReference; lastKnownFileType = sourcecode.swift; path = GameModelTests.swift; sourceTree = "<group>"; };
		AA11BB22CC33DD44EE55FF13 /* GameStatusTests.swift */ = {isa = PBXFileReference; lastKnownFileType = sourcecode.swift; path = GameStatusTests.swift; sourceTree = "<group>"; };
		AA11BB22CC33DD44EE55FF15 /* GameFilterSortTests.swift */ = {isa = PBXFileReference; lastKnownFileType = sourcecode.swift; path = GameFilterSortTests.swift; sourceTree = "<group>"; };
		CC11DD22EE33FF44AA550012 /* IGDBModelsTests.swift */ = {isa = PBXFileReference; lastKnownFileType = sourcecode.swift; path = IGDBModelsTests.swift; sourceTree = "<group>"; };
		CC11DD22EE33FF44AA550022 /* GameSyncServiceTests.swift */ = {isa = PBXFileReference; lastKnownFileType = sourcecode.swift; path = GameSyncServiceTests.swift; sourceTree = "<group>"; };
		BB22CC33DD44EE55FF660012 /* APIConfig.swift */ = {isa = PBXFileReference; lastKnownFileType = sourcecode.swift; path = APIConfig.swift; sourceTree = "<group>"; };
		BB22CC33DD44EE55FF660022 /* TwitchAuthManager.swift */ = {isa = PBXFileReference; lastKnownFileType = sourcecode.swift; path = TwitchAuthManager.swift; sourceTree = "<group>"; };
		BB22CC33DD44EE55FF660032 /* IGDBError.swift */ = {isa = PBXFileReference; lastKnownFileType = sourcecode.swift; path = IGDBError.swift; sourceTree = "<group>"; };
		BB22CC33DD44EE55FF660042 /* IGDBModels.swift */ = {isa = PBXFileReference; lastKnownFileType = sourcecode.swift; path = IGDBModels.swift; sourceTree = "<group>"; };
		BB22CC33DD44EE55FF660052 /* IGDBClient.swift */ = {isa = PBXFileReference; lastKnownFileType = sourcecode.swift; path = IGDBClient.swift; sourceTree = "<group>"; };
		BB22CC33DD44EE55FF660062 /* GameSyncService.swift */ = {isa = PBXFileReference; lastKnownFileType = sourcecode.swift; path = GameSyncService.swift; sourceTree = "<group>"; };
		GR11GR22GR33GR44GR55GR67 /* GenreResolver.swift */ = {isa = PBXFileReference; lastKnownFileType = sourcecode.swift; path = GenreResolver.swift; sourceTree = "<group>"; };
		BB22CC33DD44EE55FF660099 /* Secrets.xcconfig */ = {isa = PBXFileReference; lastKnownFileType = text.xcconfig; path = Secrets.xcconfig; sourceTree = "<group>"; };
		DD11AA22BB33CC44DD55EE67 /* Game.swift */ = {isa = PBXFileReference; lastKnownFileType = sourcecode.swift; path = Game.swift; sourceTree = "<group>"; };
		DD11AA22BB33CC44DD55EE69 /* GameStatus.swift */ = {isa = PBXFileReference; lastKnownFileType = sourcecode.swift; path = GameStatus.swift; sourceTree = "<group>"; };
		EE11AA22BB33CC44DD55EE71 /* AddGameView.swift */ = {isa = PBXFileReference; lastKnownFileType = sourcecode.swift; path = AddGameView.swift; sourceTree = "<group>"; };
		FF11AA22BB33CC44DD55EE73 /* GameDetailView.swift */ = {isa = PBXFileReference; lastKnownFileType = sourcecode.swift; path = GameDetailView.swift; sourceTree = "<group>"; };
		DD22EE33FF44AA55BB660012 /* CelebrationOverlay.swift */ = {isa = PBXFileReference; lastKnownFileType = sourcecode.swift; path = CelebrationOverlay.swift; sourceTree = "<group>"; };
		EE33FF44AA55BB66CC770012 /* Assets.xcassets */ = {isa = PBXFileReference; lastKnownFileType = folder.assetcatalog; path = Assets.xcassets; sourceTree = "<group>"; };
		FF44AA55BB66CC77DD880012 /* VGBWidget.swift */ = {isa = PBXFileReference; lastKnownFileType = sourcecode.swift; path = VGBWidget.swift; sourceTree = "<group>"; };
		FF44AA55BB66CC77DD880013 /* Info.plist */ = {isa = PBXFileReference; lastKnownFileType = text.plist.xml; path = Info.plist; sourceTree = "<group>"; };
		FF44AA55BB66CC77DD880099 /* VGBWidgetExtension.appex */ = {isa = PBXFileReference; explicitFileType = "wrapper.app-extension"; includeInIndex = 0; path = VGBWidgetExtension.appex; sourceTree = BUILT_PRODUCTS_DIR; };
		AABF64DA1FEC1CD8AE9C727B /* VGBTests.xctest */ = {isa = PBXFileReference; includeInIndex = 0; lastKnownFileType = wrapper.cfbundle; path = VGBTests.xctest; sourceTree = BUILT_PRODUCTS_DIR; };
		D266180422E28B6163D27F5C /* VGB.app */ = {isa = PBXFileReference; includeInIndex = 0; lastKnownFileType = wrapper.application; path = VGB.app; sourceTree = BUILT_PRODUCTS_DIR; };
		SC11SC22SC33SC44SC55SC67 /* StoreConfiguration.swift */ = {isa = PBXFileReference; lastKnownFileType = sourcecode.swift; path = StoreConfiguration.swift; sourceTree = "<group>"; };
		SC11SC22SC33SC44SC55SC69 /* VGB.entitlements */ = {isa = PBXFileReference; lastKnownFileType = text.plist.entitlements; path = VGB.entitlements; sourceTree = "<group>"; };
		SC11SC22SC33SC44SC55SC70 /* VGBWidgetExtension.entitlements */ = {isa = PBXFileReference; lastKnownFileType = text.plist.entitlements; path = VGBWidgetExtension.entitlements; sourceTree = "<group>"; };
		WS11WS22WS33WS44WS55WS67 /* WidgetSummaryStorage.swift */ = {isa = PBXFileReference; lastKnownFileType = sourcecode.swift; path = WidgetSummaryStorage.swift; sourceTree = "<group>"; };
		A1B2C3D4E5F60101 /* StatsView.swift */ = {isa = PBXFileReference; lastKnownFileType = sourcecode.swift; path = StatsView.swift; sourceTree = "<group>"; };
		A1B2C3D4E5F60303 /* RadarChartView.swift */ = {isa = PBXFileReference; lastKnownFileType = sourcecode.swift; path = RadarChartView.swift; sourceTree = "<group>"; };
		A1B2C3D4E5F60505 /* GameStatus+Color.swift */ = {isa = PBXFileReference; lastKnownFileType = sourcecode.swift; path = "GameStatus+Color.swift"; sourceTree = "<group>"; };
		RG11RG22RG33RG44RG55RG67 /* RadarGenreCategories.swift */ = {isa = PBXFileReference; lastKnownFileType = sourcecode.swift; path = RadarGenreCategories.swift; sourceTree = "<group>"; };
		RV11RV22RV33RV44RV55RV67 /* RankingsView.swift */ = {isa = PBXFileReference; lastKnownFileType = sourcecode.swift; path = RankingsView.swift; sourceTree = "<group>"; };
		OB11OB22OB33OB44OB55OB67 /* OnboardingView.swift */ = {isa = PBXFileReference; lastKnownFileType = sourcecode.swift; path = OnboardingView.swift; sourceTree = "<group>"; };
/* End PBXFileReference section */

/* Begin PBXGroup section */
		0EAABE8F932E0CDD1174C819 /* VGBTests */ = {
			isa = PBXGroup;
			children = (
				AAAAABBBBBCCCCCDDDDDEEEEFF /* Unit */,
			);
			path = VGBTests;
			sourceTree = "<group>";
		};
		AAAAABBBBBCCCCCDDDDDEEEEFF /* Unit */ = {
			isa = PBXGroup;
			children = (
				AA11BB22CC33DD44EE55FF15 /* GameFilterSortTests.swift */,
				AA11BB22CC33DD44EE55FF11 /* GameModelTests.swift */,
				CC11DD22EE33FF44AA550022 /* GameSyncServiceTests.swift */,
				AA11BB22CC33DD44EE55FF13 /* GameStatusTests.swift */,
				CC11DD22EE33FF44AA550012 /* IGDBModelsTests.swift */,
			);
			path = Unit;
			sourceTree = "<group>";
		};
		FF44AA55BB66CC77DD880000 /* VGBWidget */ = {
			isa = PBXGroup;
			children = (
				FF44AA55BB66CC77DD880012 /* VGBWidget.swift */,
				FF44AA55BB66CC77DD880013 /* Info.plist */,
				SC11SC22SC33SC44SC55SC70 /* VGBWidgetExtension.entitlements */,
			);
			path = VGBWidget;
			sourceTree = "<group>";
		};
		348A5F9AABE0C0D1F167C2DC = {
			isa = PBXGroup;
			children = (
				AB18A61825D295D11819A3CE /* VGB */,
				FF44AA55BB66CC77DD880000 /* VGBWidget */,
				0EAABE8F932E0CDD1174C819 /* VGBTests */,
				719CB2F87ADF85422FA9F596 /* Products */,
			);
			sourceTree = "<group>";
		};
		719CB2F87ADF85422FA9F596 /* Products */ = {
			isa = PBXGroup;
			children = (
				D266180422E28B6163D27F5C /* VGB.app */,
				FF44AA55BB66CC77DD880099 /* VGBWidgetExtension.appex */,
				AABF64DA1FEC1CD8AE9C727B /* VGBTests.xctest */,
			);
			name = Products;
			sourceTree = "<group>";
		};
		AB18A61825D295D11819A3CE /* VGB */ = {
			isa = PBXGroup;
			children = (
				66AA66BB66CC66DD66EE66FF /* App */,
				88AA88BB88CC88DD88EE88FF /* Features */,
				DD11AA22BB33CC44DD55FF00 /* Models */,
				BB22CC33DD44EE55FF660000 /* Services */,
			);
			path = VGB;
			sourceTree = "<group>";
		};
		BB22CC33DD44EE55FF660000 /* Services */ = {
			isa = PBXGroup;
			children = (
				BB22CC33DD44EE55FF660012 /* APIConfig.swift */,
				GR11GR22GR33GR44GR55GR67 /* GenreResolver.swift */,
				BB22CC33DD44EE55FF660052 /* IGDBClient.swift */,
				BB22CC33DD44EE55FF660032 /* IGDBError.swift */,
				BB22CC33DD44EE55FF660042 /* IGDBModels.swift */,
				BB22CC33DD44EE55FF660062 /* GameSyncService.swift */,
				BB22CC33DD44EE55FF660022 /* TwitchAuthManager.swift */,
			);
			path = Services;
			sourceTree = "<group>";
		};
		DD11AA22BB33CC44DD55FF00 /* Models */ = {
			isa = PBXGroup;
			children = (
				DD11AA22BB33CC44DD55EE67 /* Game.swift */,
				DD11AA22BB33CC44DD55EE69 /* GameStatus.swift */,
				A1B2C3D4E5F60505 /* GameStatus+Color.swift */,
			);
			path = Models;
			sourceTree = "<group>";
		};
		66AA66BB66CC66DD66EE66FF /* App */ = {
			isa = PBXGroup;
			children = (
				05A24FB1195840A54D9117F8 /* VGBApp.swift */,
				D1D2D3D4D5D6D7D8D9D0D2 /* DemoData.swift */,
				CH11CH22CH33CH44CH55CH67 /* CheckpointHeader.swift */,
				HX11HX22HX33HX44HX55HX67 /* Haptic.swift */,
				77AA77BB77CC77DD77EE77FF /* Resources */,
				SC11SC22SC33SC44SC55SC67 /* StoreConfiguration.swift */,
				SC11SC22SC33SC44SC55SC69 /* VGB.entitlements */,
				WS11WS22WS33WS44WS55WS67 /* WidgetSummaryStorage.swift */,
			);
			path = App;
			sourceTree = "<group>";
		};
		77AA77BB77CC77DD77EE77FF /* Resources */ = {
			isa = PBXGroup;
			children = (
				EE33FF44AA55BB66CC770012 /* Assets.xcassets */,
				0BFD25FD239D36E39B81796A /* Info.plist */,
			);
			path = Resources;
			sourceTree = "<group>";
		};
		88AA88BB88CC88DD88EE88FF /* Features */ = {
			isa = PBXGroup;
			children = (
				99AA99BB99CC99DD99EE99FF /* Backlog */,
				OB11OB22OB33OB44OB55OB68 /* Onboarding */,
				RV11RV22RV33RV44RV55RV68 /* Rankings */,
				A1B2C3D4E5F60707 /* Stats */,
			);
			path = Features;
			sourceTree = "<group>";
		};
		OB11OB22OB33OB44OB55OB68 /* Onboarding */ = {
			isa = PBXGroup;
			children = (
				OB11OB22OB33OB44OB55OB67 /* OnboardingView.swift */,
			);
			path = Onboarding;
			sourceTree = "<group>";
		};
		RV11RV22RV33RV44RV55RV68 /* Rankings */ = {
			isa = PBXGroup;
			children = (
				RV11RV22RV33RV44RV55RV67 /* RankingsView.swift */,
			);
			path = Rankings;
			sourceTree = "<group>";
		};
		A1B2C3D4E5F60707 /* Stats */ = {
			isa = PBXGroup;
			children = (
				A1B2C3D4E5F60101 /* StatsView.swift */,
				A1B2C3D4E5F60303 /* RadarChartView.swift */,
				RG11RG22RG33RG44RG55RG67 /* RadarGenreCategories.swift */,
			);
			path = Stats;
			sourceTree = "<group>";
		};
		99AA99BB99CC99DD99EE99FF /* Backlog */ = {
			isa = PBXGroup;
			children = (
				EE11AA22BB33CC44DD55EE71 /* AddGameView.swift */,
				44AA44BB44CC44DD44EE44FF /* BacklogListView.swift */,
				DD22EE33FF44AA55BB660012 /* CelebrationOverlay.swift */,
				FF11AA22BB33CC44DD55EE73 /* GameDetailView.swift */,
			);
			path = Backlog;
			sourceTree = "<group>";
		};
/* End PBXGroup section */

/* Begin PBXNativeTarget section */
		8F187E8DBDC3079E0ACBA00C /* VGBTests */ = {
			isa = PBXNativeTarget;
			buildConfigurationList = 5CBA28468CCF0B2ACC336B02 /* Build configuration list for PBXNativeTarget "VGBTests" */;
			buildPhases = (
				3FDAFA03E094D148139E8976 /* Sources */,
			);
			buildRules = (
			);
			dependencies = (
				A2A43A1391B1E938CD784C17 /* PBXTargetDependency */,
			);
			name = VGBTests;
			packageProductDependencies = (
			);
			productName = VGBTests;
			productReference = AABF64DA1FEC1CD8AE9C727B /* VGBTests.xctest */;
			productType = "com.apple.product-type.bundle.unit-test";
		};
		C26B1BA61D007A65E13D0AF1 /* VGB */ = {
			isa = PBXNativeTarget;
			buildConfigurationList = BB464E6347BAF953FE010FEC /* Build configuration list for PBXNativeTarget "VGB" */;
			buildPhases = (
				9A33EFBCC83CB348077521BB /* Sources */,
				EE33FF44AA55BB66CC770099 /* Resources */,
				FF44AA55BB66CC77DD880050 /* Embed App Extensions */,
			);
			buildRules = (
			);
			dependencies = (
				FF44AA55BB66CC77DD880067 /* PBXTargetDependency */,
			);
			name = VGB;
			packageProductDependencies = (
			);
			productName = VGB;
			productReference = D266180422E28B6163D27F5C /* VGB.app */;
			productType = "com.apple.product-type.application";
		};
	FF44AA55BB66CC77DD880077 /* VGBWidgetExtension */ = {
			isa = PBXNativeTarget;
			buildConfigurationList = FF44AA55BB66CC77DD880088 /* Build configuration list for PBXNativeTarget "VGBWidgetExtension" */;
			buildPhases = (
				FF44AA55BB66CC77DD880055 /* Sources */,
			);
			buildRules = (
			);
			dependencies = (
			);
			name = VGBWidgetExtension;
			packageProductDependencies = (
			);
			productName = VGBWidgetExtension;
			productReference = FF44AA55BB66CC77DD880099 /* VGBWidgetExtension.appex */;
			productType = "com.apple.product-type.app-extension";
		};
/* End PBXNativeTarget section */

/* Begin PBXProject section */
		D235DCD3220CA301ABFBBF0C /* Project object */ = {
			isa = PBXProject;
			attributes = {
				BuildIndependentTargetsInParallel = YES;
				LastUpgradeCheck = 1430;
			};
			buildConfigurationList = CA71334CBCAA8900D4AEF35B /* Build configuration list for PBXProject "VGB" */;
			compatibilityVersion = "Xcode 14.0";
			developmentRegion = en;
			hasScannedForEncodings = 0;
			knownRegions = (
				Base,
				en,
			);
			mainGroup = 348A5F9AABE0C0D1F167C2DC;
			minimizedProjectReferenceProxies = 1;
			preferredProjectObjectVersion = 77;
			projectDirPath = "";
			projectRoot = "";
			targets = (
				C26B1BA61D007A65E13D0AF1 /* VGB */,
				FF44AA55BB66CC77DD880077 /* VGBWidgetExtension */,
				8F187E8DBDC3079E0ACBA00C /* VGBTests */,
			);
		};
/* End PBXProject section */

/* Begin PBXSourcesBuildPhase section */
		3FDAFA03E094D148139E8976 /* Sources */ = {
			isa = PBXSourcesBuildPhase;
			buildActionMask = 2147483647;
			files = (
				AA11BB22CC33DD44EE55FF16 /* GameFilterSortTests.swift in Sources */,
				AA11BB22CC33DD44EE55FF12 /* GameModelTests.swift in Sources */,
				AA11BB22CC33DD44EE55FF14 /* GameStatusTests.swift in Sources */,
				CC11DD22EE33FF44AA550011 /* IGDBModelsTests.swift in Sources */,
				CC11DD22EE33FF44AA550021 /* GameSyncServiceTests.swift in Sources */,
			);
			runOnlyForDeploymentPostprocessing = 0;
		};
		9A33EFBCC83CB348077521BB /* Sources */ = {
			isa = PBXSourcesBuildPhase;
			buildActionMask = 2147483647;
			files = (
				63E8D4B855E15A47273EBEB9 /* VGBApp.swift in Sources */,
				D1D2D3D4D5D6D7D8D9D0D1 /* DemoData.swift in Sources */,
				CH11CH22CH33CH44CH55CH66 /* CheckpointHeader.swift in Sources */,
				HX11HX22HX33HX44HX55HX66 /* Haptic.swift in Sources */,
				SC11SC22SC33SC44SC55SC66 /* StoreConfiguration.swift in Sources */,
				WS11WS22WS33WS44WS55WS66 /* WidgetSummaryStorage.swift in Sources */,
				55AA55BB55CC55DD55EE55FF /* BacklogListView.swift in Sources */,
				DD11AA22BB33CC44DD55EE66 /* Game.swift in Sources */,
				DD11AA22BB33CC44DD55EE68 /* GameStatus.swift in Sources */,
				EE11AA22BB33CC44DD55EE70 /* AddGameView.swift in Sources */,
				FF11AA22BB33CC44DD55EE72 /* GameDetailView.swift in Sources */,
				BB22CC33DD44EE55FF660011 /* APIConfig.swift in Sources */,
				BB22CC33DD44EE55FF660021 /* TwitchAuthManager.swift in Sources */,
				BB22CC33DD44EE55FF660031 /* IGDBError.swift in Sources */,
				BB22CC33DD44EE55FF660041 /* IGDBModels.swift in Sources */,
				BB22CC33DD44EE55FF660051 /* IGDBClient.swift in Sources */,
				BB22CC33DD44EE55FF660061 /* GameSyncService.swift in Sources */,
				GR11GR22GR33GR44GR55GR66 /* GenreResolver.swift in Sources */,
				DD22EE33FF44AA55BB660011 /* CelebrationOverlay.swift in Sources */,
				A1B2C3D4E5F60202 /* StatsView.swift in Sources */,
				A1B2C3D4E5F60404 /* RadarChartView.swift in Sources */,
				A1B2C3D4E5F60606 /* GameStatus+Color.swift in Sources */,
				RG11RG22RG33RG44RG55RG66 /* RadarGenreCategories.swift in Sources */,
				RV11RV22RV33RV44RV55RV66 /* RankingsView.swift in Sources */,
				OB11OB22OB33OB44OB55OB66 /* OnboardingView.swift in Sources */,
			);
			runOnlyForDeploymentPostprocessing = 0;
		};
		FF44AA55BB66CC77DD880055 /* Sources */ = {
			isa = PBXSourcesBuildPhase;
			buildActionMask = 2147483647;
			files = (
				FF44AA55BB66CC77DD880011 /* VGBWidget.swift in Sources */,
				SC11SC22SC33SC44SC55SC68 /* StoreConfiguration.swift in Sources */,
				WS11WS22WS33WS44WS55WS68 /* WidgetSummaryStorage.swift in Sources */,
				FF44AA55BB66CC77DD880021 /* Game.swift in Sources */,
				FF44AA55BB66CC77DD880022 /* GameStatus.swift in Sources */,
				RG11RG22RG33RG44RG55RG69 /* RadarGenreCategories.swift in Sources */,
			);
			runOnlyForDeploymentPostprocessing = 0;
		};
/* End PBXSourcesBuildPhase section */

/* Begin PBXResourcesBuildPhase section */
		EE33FF44AA55BB66CC770099 /* Resources */ = {
			isa = PBXResourcesBuildPhase;
			buildActionMask = 2147483647;
			files = (
				EE33FF44AA55BB66CC770011 /* Assets.xcassets in Resources */,
			);
			runOnlyForDeploymentPostprocessing = 0;
		};
/* End PBXResourcesBuildPhase section */

/* Begin PBXTargetDependency section */
		A2A43A1391B1E938CD784C17 /* PBXTargetDependency */ = {
			isa = PBXTargetDependency;
			target = C26B1BA61D007A65E13D0AF1 /* VGB */;
			targetProxy = 99F5DE85A03031D49CDE518B /* PBXContainerItemProxy */;
		};
		FF44AA55BB66CC77DD880067 /* PBXTargetDependency */ = {
			isa = PBXTargetDependency;
			target = FF44AA55BB66CC77DD880077 /* VGBWidgetExtension */;
			targetProxy = FF44AA55BB66CC77DD880066 /* PBXContainerItemProxy */;
		};
/* End PBXTargetDependency section */

/* Begin PBXCopyFilesBuildPhase section */
		FF44AA55BB66CC77DD880050 /* Embed App Extensions */ = {
			isa = PBXCopyFilesBuildPhase;
			buildActionMask = 2147483647;
			dstPath = "";
			dstSubfolderSpec = 13;
			files = (
				FF44AA55BB66CC77DD880031 /* VGBWidgetExtension.appex in Embed App Extensions */,
			);
			name = "Embed App Extensions";
			runOnlyForDeploymentPostprocessing = 0;
		};
/* End PBXCopyFilesBuildPhase section */

/* Begin XCBuildConfiguration section */
		04D08CFF455CF56DE637C12C /* Release */ = {
			isa = XCBuildConfiguration;
			baseConfigurationReference = BB22CC33DD44EE55FF660099 /* Secrets.xcconfig */;
			buildSettings = {
				ASSETCATALOG_COMPILER_APPICON_NAME = AppIcon;
				CODE_SIGN_ENTITLEMENTS = VGB/App/VGB.entitlements;
				INFOPLIST_FILE = VGB/App/Resources/Info.plist;
				INFOPLIST_KEY_UIApplicationSceneManifest_Generation = YES;
				INFOPLIST_KEY_UIApplicationSupportsIndirectInputEvents = YES;
				INFOPLIST_KEY_UISupportedInterfaceOrientations_iPhone = (
					UIInterfaceOrientationPortrait,
				);
				LD_RUNPATH_SEARCH_PATHS = (
					"$(inherited)",
					"@executable_path/Frameworks",
				);
				PRODUCT_BUNDLE_IDENTIFIER = com.timwood.vgb;
				SDKROOT = iphoneos;
				TARGETED_DEVICE_FAMILY = 1;
			};
			name = Release;
		};
		197CE95AD584EC756F3FBF3B /* Release */ = {
			isa = XCBuildConfiguration;
			buildSettings = {
				ALWAYS_SEARCH_USER_PATHS = NO;
				CLANG_ANALYZER_NONNULL = YES;
				CLANG_ANALYZER_NUMBER_OBJECT_CONVERSION = YES_AGGRESSIVE;
				CLANG_CXX_LANGUAGE_STANDARD = "gnu++14";
				CLANG_CXX_LIBRARY = "libc++";
				CLANG_ENABLE_MODULES = YES;
				CLANG_ENABLE_OBJC_ARC = YES;
				CLANG_ENABLE_OBJC_WEAK = YES;
				CLANG_WARN_BLOCK_CAPTURE_AUTORELEASING = YES;
				CLANG_WARN_BOOL_CONVERSION = YES;
				CLANG_WARN_COMMA = YES;
				CLANG_WARN_CONSTANT_CONVERSION = YES;
				CLANG_WARN_DEPRECATED_OBJC_IMPLEMENTATIONS = YES;
				CLANG_WARN_DIRECT_OBJC_ISA_USAGE = YES_ERROR;
				CLANG_WARN_DOCUMENTATION_COMMENTS = YES;
				CLANG_WARN_EMPTY_BODY = YES;
				CLANG_WARN_ENUM_CONVERSION = YES;
				CLANG_WARN_INFINITE_RECURSION = YES;
				CLANG_WARN_INT_CONVERSION = YES;
				CLANG_WARN_NON_LITERAL_NULL_CONVERSION = YES;
				CLANG_WARN_OBJC_IMPLICIT_RETAIN_SELF = YES;
				CLANG_WARN_OBJC_LITERAL_CONVERSION = YES;
				CLANG_WARN_OBJC_ROOT_CLASS = YES_ERROR;
				CLANG_WARN_QUOTED_INCLUDE_IN_FRAMEWORK_HEADER = YES;
				CLANG_WARN_RANGE_LOOP_ANALYSIS = YES;
				CLANG_WARN_STRICT_PROTOTYPES = YES;
				CLANG_WARN_SUSPICIOUS_MOVE = YES;
				CLANG_WARN_UNGUARDED_AVAILABILITY = YES_AGGRESSIVE;
				CLANG_WARN_UNREACHABLE_CODE = YES;
				CLANG_WARN__DUPLICATE_METHOD_MATCH = YES;
				COPY_PHASE_STRIP = NO;
				DEBUG_INFORMATION_FORMAT = "dwarf-with-dsym";
				ENABLE_NS_ASSERTIONS = NO;
				ENABLE_STRICT_OBJC_MSGSEND = YES;
				GCC_C_LANGUAGE_STANDARD = gnu11;
				GCC_NO_COMMON_BLOCKS = YES;
				GCC_WARN_64_TO_32_BIT_CONVERSION = YES;
				GCC_WARN_ABOUT_RETURN_TYPE = YES_ERROR;
				GCC_WARN_UNDECLARED_SELECTOR = YES;
				GCC_WARN_UNINITIALIZED_AUTOS = YES_AGGRESSIVE;
				GCC_WARN_UNUSED_FUNCTION = YES;
				GCC_WARN_UNUSED_VARIABLE = YES;
				IPHONEOS_DEPLOYMENT_TARGET = 18.0;
				MTL_ENABLE_DEBUG_INFO = NO;
				MTL_FAST_MATH = YES;
				PRODUCT_NAME = "$(TARGET_NAME)";
				SDKROOT = iphoneos;
				SWIFT_COMPILATION_MODE = wholemodule;
				SWIFT_OPTIMIZATION_LEVEL = "-O";
				SWIFT_VERSION = 6.0;
			};
			name = Release;
		};
		1BBDBCC9C4D4AB5826A7020F /* Release */ = {
			isa = XCBuildConfiguration;
			buildSettings = {
				BUNDLE_LOADER = "$(TEST_HOST)";
				CODE_SIGNING_ALLOWED = NO;
				CODE_SIGNING_REQUIRED = NO;
				GENERATE_INFOPLIST_FILE = YES;
				LD_RUNPATH_SEARCH_PATHS = (
					"$(inherited)",
					"@executable_path/Frameworks",
					"@loader_path/Frameworks",
				);
				SDKROOT = iphoneos;
				TARGETED_DEVICE_FAMILY = 1;
				TEST_HOST = "$(BUILT_PRODUCTS_DIR)/VGB.app/VGB";
			};
			name = Release;
		};
		E80AC34F79D599B298FCCA10 /* Debug */ = {
			isa = XCBuildConfiguration;
			buildSettings = {
				ALWAYS_SEARCH_USER_PATHS = NO;
				CLANG_ANALYZER_NONNULL = YES;
				CLANG_ANALYZER_NUMBER_OBJECT_CONVERSION = YES_AGGRESSIVE;
				CLANG_CXX_LANGUAGE_STANDARD = "gnu++14";
				CLANG_CXX_LIBRARY = "libc++";
				CLANG_ENABLE_MODULES = YES;
				CLANG_ENABLE_OBJC_ARC = YES;
				CLANG_ENABLE_OBJC_WEAK = YES;
				CLANG_WARN_BLOCK_CAPTURE_AUTORELEASING = YES;
				CLANG_WARN_BOOL_CONVERSION = YES;
				CLANG_WARN_COMMA = YES;
				CLANG_WARN_CONSTANT_CONVERSION = YES;
				CLANG_WARN_DEPRECATED_OBJC_IMPLEMENTATIONS = YES;
				CLANG_WARN_DIRECT_OBJC_ISA_USAGE = YES_ERROR;
				CLANG_WARN_DOCUMENTATION_COMMENTS = YES;
				CLANG_WARN_EMPTY_BODY = YES;
				CLANG_WARN_ENUM_CONVERSION = YES;
				CLANG_WARN_INFINITE_RECURSION = YES;
				CLANG_WARN_INT_CONVERSION = YES;
				CLANG_WARN_NON_LITERAL_NULL_CONVERSION = YES;
				CLANG_WARN_OBJC_IMPLICIT_RETAIN_SELF = YES;
				CLANG_WARN_OBJC_LITERAL_CONVERSION = YES;
				CLANG_WARN_OBJC_ROOT_CLASS = YES_ERROR;
				CLANG_WARN_QUOTED_INCLUDE_IN_FRAMEWORK_HEADER = YES;
				CLANG_WARN_RANGE_LOOP_ANALYSIS = YES;
				CLANG_WARN_STRICT_PROTOTYPES = YES;
				CLANG_WARN_SUSPICIOUS_MOVE = YES;
				CLANG_WARN_UNGUARDED_AVAILABILITY = YES_AGGRESSIVE;
				CLANG_WARN_UNREACHABLE_CODE = YES;
				CLANG_WARN__DUPLICATE_METHOD_MATCH = YES;
				COPY_PHASE_STRIP = NO;
				DEBUG_INFORMATION_FORMAT = dwarf;
				ENABLE_STRICT_OBJC_MSGSEND = YES;
				ENABLE_TESTABILITY = YES;
				GCC_C_LANGUAGE_STANDARD = gnu11;
				GCC_DYNAMIC_NO_PIC = NO;
				GCC_NO_COMMON_BLOCKS = YES;
				GCC_OPTIMIZATION_LEVEL = 0;
				GCC_PREPROCESSOR_DEFINITIONS = (
					"$(inherited)",
					"DEBUG=1",
				);
				GCC_WARN_64_TO_32_BIT_CONVERSION = YES;
				GCC_WARN_ABOUT_RETURN_TYPE = YES_ERROR;
				GCC_WARN_UNDECLARED_SELECTOR = YES;
				GCC_WARN_UNINITIALIZED_AUTOS = YES_AGGRESSIVE;
				GCC_WARN_UNUSED_FUNCTION = YES;
				GCC_WARN_UNUSED_VARIABLE = YES;
				IPHONEOS_DEPLOYMENT_TARGET = 18.0;
				MTL_ENABLE_DEBUG_INFO = INCLUDE_SOURCE;
				MTL_FAST_MATH = YES;
				ONLY_ACTIVE_ARCH = YES;
				PRODUCT_NAME = "$(TARGET_NAME)";
				SDKROOT = iphoneos;
				SWIFT_ACTIVE_COMPILATION_CONDITIONS = DEBUG;
				SWIFT_OPTIMIZATION_LEVEL = "-Onone";
				SWIFT_VERSION = 6.0;
			};
			name = Debug;
		};
		FDD8A6EC68E8ACB9BB9AE8F3 /* Debug */ = {
			isa = XCBuildConfiguration;
			baseConfigurationReference = BB22CC33DD44EE55FF660099 /* Secrets.xcconfig */;
			buildSettings = {
				ASSETCATALOG_COMPILER_APPICON_NAME = AppIcon;
				CODE_SIGN_ENTITLEMENTS = VGB/App/VGB.entitlements;
				INFOPLIST_FILE = VGB/App/Resources/Info.plist;
				INFOPLIST_KEY_UIApplicationSceneManifest_Generation = YES;
				INFOPLIST_KEY_UIApplicationSupportsIndirectInputEvents = YES;
				INFOPLIST_KEY_UISupportedInterfaceOrientations_iPhone = (
					UIInterfaceOrientationPortrait,
				);
				LD_RUNPATH_SEARCH_PATHS = (
					"$(inherited)",
					"@executable_path/Frameworks",
				);
				PRODUCT_BUNDLE_IDENTIFIER = com.timwood.vgb;
				SDKROOT = iphoneos;
				TARGETED_DEVICE_FAMILY = 1;
			};
			name = Debug;
		};
		FFA522A6BCDC2BEB95BC11BA /* Debug */ = {
			isa = XCBuildConfiguration;
			buildSettings = {
				BUNDLE_LOADER = "$(TEST_HOST)";
				CODE_SIGNING_ALLOWED = NO;
				CODE_SIGNING_REQUIRED = NO;
				GENERATE_INFOPLIST_FILE = YES;
				LD_RUNPATH_SEARCH_PATHS = (
					"$(inherited)",
					"@executable_path/Frameworks",
					"@loader_path/Frameworks",
				);
				SDKROOT = iphoneos;
				TARGETED_DEVICE_FAMILY = 1;
				TEST_HOST = "$(BUILT_PRODUCTS_DIR)/VGB.app/VGB";
			};
			name = Debug;
		};
		FF44AA55BB66CC77DD880033 /* Debug */ = {
			isa = XCBuildConfiguration;
			buildSettings = {
				ALWAYS_EMBED_SWIFT_STANDARD_LIBRARIES = YES;
				CODE_SIGN_ENTITLEMENTS = VGBWidget/VGBWidgetExtension.entitlements;
				INFOPLIST_FILE = VGBWidget/Info.plist;
				LD_RUNPATH_SEARCH_PATHS = (
					"$(inherited)",
					"@executable_path/Frameworks",
					"@executable_path/../../Frameworks",
				);
				PRODUCT_BUNDLE_IDENTIFIER = com.timwood.vgb.widget;
				SDKROOT = iphoneos;
				SKIP_INSTALL = YES;
				SWIFT_EMIT_LOC_STRINGS = YES;
				TARGETED_DEVICE_FAMILY = 1;
			};
			name = Debug;
		};
		FF44AA55BB66CC77DD880044 /* Release */ = {
			isa = XCBuildConfiguration;
			buildSettings = {
				ALWAYS_EMBED_SWIFT_STANDARD_LIBRARIES = YES;
				CODE_SIGN_ENTITLEMENTS = VGBWidget/VGBWidgetExtension.entitlements;
				INFOPLIST_FILE = VGBWidget/Info.plist;
				LD_RUNPATH_SEARCH_PATHS = (
					"$(inherited)",
					"@executable_path/Frameworks",
					"@executable_path/../../Frameworks",
				);
				PRODUCT_BUNDLE_IDENTIFIER = com.timwood.vgb.widget;
				SDKROOT = iphoneos;
				SKIP_INSTALL = YES;
				SWIFT_EMIT_LOC_STRINGS = YES;
				TARGETED_DEVICE_FAMILY = 1;
			};
			name = Release;
		};
/* End XCBuildConfiguration section */

/* Begin XCConfigurationList section */
		5CBA28468CCF0B2ACC336B02 /* Build configuration list for PBXNativeTarget "VGBTests" */ = {
			isa = XCConfigurationList;
			buildConfigurations = (
				FFA522A6BCDC2BEB95BC11BA /* Debug */,
				1BBDBCC9C4D4AB5826A7020F /* Release */,
			);
			defaultConfigurationIsVisible = 0;
			defaultConfigurationName = Debug;
		};
		BB464E6347BAF953FE010FEC /* Build configuration list for PBXNativeTarget "VGB" */ = {
			isa = XCConfigurationList;
			buildConfigurations = (
				FDD8A6EC68E8ACB9BB9AE8F3 /* Debug */,
				04D08CFF455CF56DE637C12C /* Release */,
			);
			defaultConfigurationIsVisible = 0;
			defaultConfigurationName = Debug;
		};
		CA71334CBCAA8900D4AEF35B /* Build configuration list for PBXProject "VGB" */ = {
			isa = XCConfigurationList;
			buildConfigurations = (
				E80AC34F79D599B298FCCA10 /* Debug */,
				197CE95AD584EC756F3FBF3B /* Release */,
			);
			defaultConfigurationIsVisible = 0;
			defaultConfigurationName = Debug;
		};
		FF44AA55BB66CC77DD880088 /* Build configuration list for PBXNativeTarget "VGBWidgetExtension" */ = {
			isa = XCConfigurationList;
			buildConfigurations = (
				FF44AA55BB66CC77DD880033 /* Debug */,
				FF44AA55BB66CC77DD880044 /* Release */,
			);
			defaultConfigurationIsVisible = 0;
			defaultConfigurationName = Debug;
		};
/* End XCConfigurationList section */
	};
	rootObject = D235DCD3220CA301ABFBBF0C /* Project object */;
}
